Microsoft Visual Studio Solution File, Format Version 12.00
# Visual Studio Version 16
VisualStudioVersion = 16.0.29020.237
MinimumVisualStudioVersion = 10.0.40219.1
Project("{9A19103F-16F7-4668-BE54-9A1E7A4F7556}") = "Platform.Exceptions", "Platform.Exceptions\Platform.Exceptions.csproj", "{94A89421-3053-41A9-B0C5-ED1308631614}"
	ProjectSection(ProjectDependencies) = postProject
		{C1E8DBB2-A8AE-4BB3-BA00-ABE35B64D67E} = {C1E8DBB2-A8AE-4BB3-BA00-ABE35B64D67E}
	EndProjectSection
EndProject
Project("{9A19103F-16F7-4668-BE54-9A1E7A4F7556}") = "Platform.Exceptions.Tests", "Platform.Exceptions.Tests\Platform.Exceptions.Tests.csproj", "{1B2D5587-35A6-42B4-A3DA-271AEFBD4DDD}"
EndProject
Global
	GlobalSection(SolutionConfigurationPlatforms) = preSolution
		Debug|Any CPU = Debug|Any CPU
		Debug|x64 = Debug|x64
		Debug|x86 = Debug|x86
		Release|Any CPU = Release|Any CPU
		Release|x64 = Release|x64
		Release|x86 = Release|x86
	EndGlobalSection
	GlobalSection(ProjectConfigurationPlatforms) = postSolution
		{94A89421-3053-41A9-B0C5-ED1308631614}.Debug|Any CPU.ActiveCfg = Debug|Any CPU
		{94A89421-3053-41A9-B0C5-ED1308631614}.Debug|Any CPU.Build.0 = Debug|Any CPU
		{94A89421-3053-41A9-B0C5-ED1308631614}.Debug|x64.ActiveCfg = Debug|Any CPU
		{94A89421-3053-41A9-B0C5-ED1308631614}.Debug|x64.Build.0 = Debug|Any CPU
		{94A89421-3053-41A9-B0C5-ED1308631614}.Debug|x86.ActiveCfg = Debug|Any CPU
		{94A89421-3053-41A9-B0C5-ED1308631614}.Debug|x86.Build.0 = Debug|Any CPU
		{94A89421-3053-41A9-B0C5-ED1308631614}.Release|Any CPU.ActiveCfg = Release|Any CPU
		{94A89421-3053-41A9-B0C5-ED1308631614}.Release|Any CPU.Build.0 = Release|Any CPU
		{94A89421-3053-41A9-B0C5-ED1308631614}.Release|x64.ActiveCfg = Release|Any CPU
		{94A89421-3053-41A9-B0C5-ED1308631614}.Release|x64.Build.0 = Release|Any CPU
		{94A89421-3053-41A9-B0C5-ED1308631614}.Release|x86.ActiveCfg = Release|Any CPU
		{94A89421-3053-41A9-B0C5-ED1308631614}.Release|x86.Build.0 = Release|Any CPU
		{1B2D5587-35A6-42B4-A3DA-271AEFBD4DDD}.Debug|Any CPU.ActiveCfg = Debug|Any CPU
		{1B2D5587-35A6-42B4-A3DA-271AEFBD4DDD}.Debug|Any CPU.Build.0 = Debug|Any CPU
		{1B2D5587-35A6-42B4-A3DA-271AEFBD4DDD}.Debug|x64.ActiveCfg = Debug|Any CPU
		{1B2D5587-35A6-42B4-A3DA-271AEFBD4DDD}.Debug|x64.Build.0 = Debug|Any CPU
		{1B2D5587-35A6-42B4-A3DA-271AEFBD4DDD}.Debug|x86.ActiveCfg = Debug|Any CPU
		{1B2D5587-35A6-42B4-A3DA-271AEFBD4DDD}.Debug|x86.Build.0 = Debug|Any CPU
		{1B2D5587-35A6-42B4-A3DA-271AEFBD4DDD}.Release|Any CPU.ActiveCfg = Release|Any CPU
		{1B2D5587-35A6-42B4-A3DA-271AEFBD4DDD}.Release|Any CPU.Build.0 = Release|Any CPU
		{1B2D5587-35A6-42B4-A3DA-271AEFBD4DDD}.Release|x64.ActiveCfg = Release|Any CPU
		{1B2D5587-35A6-42B4-A3DA-271AEFBD4DDD}.Release|x64.Build.0 = Release|Any CPU
		{1B2D5587-35A6-42B4-A3DA-271AEFBD4DDD}.Release|x86.ActiveCfg = Release|Any CPU
		{1B2D5587-35A6-42B4-A3DA-271AEFBD4DDD}.Release|x86.Build.0 = Release|Any CPU
		{C1E8DBB2-A8AE-4BB3-BA00-ABE35B64D67E}.Debug|Any CPU.ActiveCfg = Debug|Any CPU
		{C1E8DBB2-A8AE-4BB3-BA00-ABE35B64D67E}.Debug|Any CPU.Build.0 = Debug|Any CPU
		{C1E8DBB2-A8AE-4BB3-BA00-ABE35B64D67E}.Debug|x64.ActiveCfg = Debug|Any CPU
		{C1E8DBB2-A8AE-4BB3-BA00-ABE35B64D67E}.Debug|x64.Build.0 = Debug|Any CPU
		{C1E8DBB2-A8AE-4BB3-BA00-ABE35B64D67E}.Debug|x86.ActiveCfg = Debug|Any CPU
		{C1E8DBB2-A8AE-4BB3-BA00-ABE35B64D67E}.Debug|x86.Build.0 = Debug|Any CPU
		{C1E8DBB2-A8AE-4BB3-BA00-ABE35B64D67E}.Release|Any CPU.ActiveCfg = Release|Any CPU
		{C1E8DBB2-A8AE-4BB3-BA00-ABE35B64D67E}.Release|Any CPU.Build.0 = Release|Any CPU
		{C1E8DBB2-A8AE-4BB3-BA00-ABE35B64D67E}.Release|x64.ActiveCfg = Release|Any CPU
		{C1E8DBB2-A8AE-4BB3-BA00-ABE35B64D67E}.Release|x64.Build.0 = Release|Any CPU
		{C1E8DBB2-A8AE-4BB3-BA00-ABE35B64D67E}.Release|x86.ActiveCfg = Release|Any CPU
		{C1E8DBB2-A8AE-4BB3-BA00-ABE35B64D67E}.Release|x86.Build.0 = Release|Any CPU
	EndGlobalSection
	GlobalSection(SolutionProperties) = preSolution
		HideSolutionNode = FALSE
	EndGlobalSection
	GlobalSection(ExtensibilityGlobals) = postSolution
		SolutionGuid = {0F2031D5-A6C4-4A89-A8B3-06E6D42A9216}
	EndGlobalSection
EndGlobal
